
Microsoft Visual Studio Solution File, Format Version 12.00
# Visual Studio 15
VisualStudioVersion = 15.0.28307.902
MinimumVisualStudioVersion = 10.0.40219.1
Project("{8BC9CEB8-8B4A-11D0-8D11-00A0C91BC942}") = "6.8_Craps", "December\December.vcxproj", "{672C4D22-E620-47B3-A3E6-38C007C1C77C}"
EndProject
Project("{8BC9CEB8-8B4A-11D0-8D11-00A0C91BC942}") = "ex_6.12", "ex_6.12\ex_6.12.vcxproj", "{59D0EC72-2520-4D56-8E88-0227BA75D9BA}"
EndProject
Project("{8BC9CEB8-8B4A-11D0-8D11-00A0C91BC942}") = "ex_6.13", "ex_6.13\ex_6.13.vcxproj", "{3C1F45F9-AC73-45C4-9989-1706CA6A6A10}"
EndProject
Project("{8BC9CEB8-8B4A-11D0-8D11-00A0C91BC942}") = "ex_6.14", "ex_6.14\ex_6.14.vcxproj", "{C12124A8-7E8E-41E8-9C40-A4D624B92948}"
EndProject
Project("{8BC9CEB8-8B4A-11D0-8D11-00A0C91BC942}") = "ex_6.18", "ex_6.18\ex_6.18.vcxproj", "{E2474FCF-10CA-4468-8184-53B29B3B8397}"
EndProject
Project("{8BC9CEB8-8B4A-11D0-8D11-00A0C91BC942}") = "ex_6.19", "ex_6.19\ex_6.19.vcxproj", "{66908669-A77A-48FF-B35A-297336FB0754}"
EndProject
Project("{8BC9CEB8-8B4A-11D0-8D11-00A0C91BC942}") = "ex_6.20", "ex_6.20\ex_6.20.vcxproj", "{D9F6D249-407F-4F9B-8A78-26CD5DAFA99D}"
EndProject
Project("{8BC9CEB8-8B4A-11D0-8D11-00A0C91BC942}") = "ex_6.21", "ex_6.21\ex_6.21.vcxproj", "{9B99DA9A-1717-4B69-92AC-CAEF45D080AC}"
EndProject
Project("{8BC9CEB8-8B4A-11D0-8D11-00A0C91BC942}") = "ex_6.22", "ex_6.22\ex_6.22.vcxproj", "{BA3631F6-4EEB-46FF-AD93-0B854EDC3B31}"
EndProject
Project("{8BC9CEB8-8B4A-11D0-8D11-00A0C91BC942}") = "ex_6.23", "ex_6.23\ex_6.23.vcxproj", "{0FDE9F4D-8009-4F48-8125-A3AD86C3C330}"
EndProject
Project("{8BC9CEB8-8B4A-11D0-8D11-00A0C91BC942}") = "ex_6.24", "ex_6.24\ex_6.24.vcxproj", "{11AED19F-E960-494E-8633-F13C9C008914}"
EndProject
Project("{8BC9CEB8-8B4A-11D0-8D11-00A0C91BC942}") = "ex_6.25", "ex_6.25\ex_6.25.vcxproj", "{ABACE7AC-07D7-4A96-947B-7A7C325EB1B6}"
EndProject
Project("{8BC9CEB8-8B4A-11D0-8D11-00A0C91BC942}") = "ex_6.26", "ex_6.26\ex_6.26.vcxproj", "{FAFCDF59-D6ED-48B7-B092-16E8450988C9}"
EndProject
Project("{8BC9CEB8-8B4A-11D0-8D11-00A0C91BC942}") = "ex_6.27", "ex_6.27\ex_6.27.vcxproj", "{88B016D3-7023-458C-B727-064572847CEC}"
EndProject
Project("{8BC9CEB8-8B4A-11D0-8D11-00A0C91BC942}") = "ex_6.28", "ex_6.28\ex_6.28.vcxproj", "{A1BBA0AB-1845-44C6-AD57-8BEDE8340E5B}"
EndProject
Project("{8BC9CEB8-8B4A-11D0-8D11-00A0C91BC942}") = "ex_6.29", "ex_6.29\ex_6.29.vcxproj", "{BA2D480B-6764-4B4F-B805-41D22AEBA09F}"
EndProject
Project("{8BC9CEB8-8B4A-11D0-8D11-00A0C91BC942}") = "ex_6.30", "ex_6.30\ex_6.30.vcxproj", "{CFE9A23A-80F7-4DDE-A5D4-2CA15307E88C}"
EndProject
Project("{8BC9CEB8-8B4A-11D0-8D11-00A0C91BC942}") = "ex_6.31", "ex_6.31\ex_6.31.vcxproj", "{00524245-CD07-4BB6-A372-5F4F992D6840}"
EndProject
Project("{8BC9CEB8-8B4A-11D0-8D11-00A0C91BC942}") = "ex_6.32", "ex_6.32\ex_6.32.vcxproj", "{A84A9891-650A-4FAA-BF34-58EE25C3B5C7}"
EndProject
Project("{8BC9CEB8-8B4A-11D0-8D11-00A0C91BC942}") = "ex_6.33", "ex_6.33\ex_6.33.vcxproj", "{ADDC441A-66E1-4969-9A21-172A014A9559}"
EndProject
Project("{8BC9CEB8-8B4A-11D0-8D11-00A0C91BC942}") = "ex_6.34", "ex_6.34\ex_6.34.vcxproj", "{2F40FD18-AE6A-43AB-8458-11BAF3091DB4}"
EndProject
Project("{8BC9CEB8-8B4A-11D0-8D11-00A0C91BC942}") = "ex_6.35", "ex_6.35\ex_6.35.vcxproj", "{2286DDD0-D6C6-4164-82DB-3F3D640C026B}"
EndProject
Project("{8BC9CEB8-8B4A-11D0-8D11-00A0C91BC942}") = "ex_6.36", "ex_6.36\ex_6.36.vcxproj", "{B7D61F2B-15C6-412E-87EE-BA90A05FC447}"
EndProject
Global
	GlobalSection(SolutionConfigurationPlatforms) = preSolution
		Debug|x64 = Debug|x64
		Debug|x86 = Debug|x86
		Release|x64 = Release|x64
		Release|x86 = Release|x86
	EndGlobalSection
	GlobalSection(ProjectConfigurationPlatforms) = postSolution
		{672C4D22-E620-47B3-A3E6-38C007C1C77C}.Debug|x64.ActiveCfg = Debug|x64
		{672C4D22-E620-47B3-A3E6-38C007C1C77C}.Debug|x64.Build.0 = Debug|x64
		{672C4D22-E620-47B3-A3E6-38C007C1C77C}.Debug|x86.ActiveCfg = Debug|Win32
		{672C4D22-E620-47B3-A3E6-38C007C1C77C}.Debug|x86.Build.0 = Debug|Win32
		{672C4D22-E620-47B3-A3E6-38C007C1C77C}.Release|x64.ActiveCfg = Release|x64
		{672C4D22-E620-47B3-A3E6-38C007C1C77C}.Release|x64.Build.0 = Release|x64
		{672C4D22-E620-47B3-A3E6-38C007C1C77C}.Release|x86.ActiveCfg = Release|Win32
		{672C4D22-E620-47B3-A3E6-38C007C1C77C}.Release|x86.Build.0 = Release|Win32
		{59D0EC72-2520-4D56-8E88-0227BA75D9BA}.Debug|x64.ActiveCfg = Debug|x64
		{59D0EC72-2520-4D56-8E88-0227BA75D9BA}.Debug|x64.Build.0 = Debug|x64
		{59D0EC72-2520-4D56-8E88-0227BA75D9BA}.Debug|x86.ActiveCfg = Debug|Win32
		{59D0EC72-2520-4D56-8E88-0227BA75D9BA}.Debug|x86.Build.0 = Debug|Win32
		{59D0EC72-2520-4D56-8E88-0227BA75D9BA}.Release|x64.ActiveCfg = Release|x64
		{59D0EC72-2520-4D56-8E88-0227BA75D9BA}.Release|x64.Build.0 = Release|x64
		{59D0EC72-2520-4D56-8E88-0227BA75D9BA}.Release|x86.ActiveCfg = Release|Win32
		{59D0EC72-2520-4D56-8E88-0227BA75D9BA}.Release|x86.Build.0 = Release|Win32
		{3C1F45F9-AC73-45C4-9989-1706CA6A6A10}.Debug|x64.ActiveCfg = Debug|x64
		{3C1F45F9-AC73-45C4-9989-1706CA6A6A10}.Debug|x64.Build.0 = Debug|x64
		{3C1F45F9-AC73-45C4-9989-1706CA6A6A10}.Debug|x86.ActiveCfg = Debug|Win32
		{3C1F45F9-AC73-45C4-9989-1706CA6A6A10}.Debug|x86.Build.0 = Debug|Win32
		{3C1F45F9-AC73-45C4-9989-1706CA6A6A10}.Release|x64.ActiveCfg = Release|x64
		{3C1F45F9-AC73-45C4-9989-1706CA6A6A10}.Release|x64.Build.0 = Release|x64
		{3C1F45F9-AC73-45C4-9989-1706CA6A6A10}.Release|x86.ActiveCfg = Release|Win32
		{3C1F45F9-AC73-45C4-9989-1706CA6A6A10}.Release|x86.Build.0 = Release|Win32
		{C12124A8-7E8E-41E8-9C40-A4D624B92948}.Debug|x64.ActiveCfg = Debug|x64
		{C12124A8-7E8E-41E8-9C40-A4D624B92948}.Debug|x64.Build.0 = Debug|x64
		{C12124A8-7E8E-41E8-9C40-A4D624B92948}.Debug|x86.ActiveCfg = Debug|Win32
		{C12124A8-7E8E-41E8-9C40-A4D624B92948}.Debug|x86.Build.0 = Debug|Win32
		{C12124A8-7E8E-41E8-9C40-A4D624B92948}.Release|x64.ActiveCfg = Release|x64
		{C12124A8-7E8E-41E8-9C40-A4D624B92948}.Release|x64.Build.0 = Release|x64
		{C12124A8-7E8E-41E8-9C40-A4D624B92948}.Release|x86.ActiveCfg = Release|Win32
		{C12124A8-7E8E-41E8-9C40-A4D624B92948}.Release|x86.Build.0 = Release|Win32
		{E2474FCF-10CA-4468-8184-53B29B3B8397}.Debug|x64.ActiveCfg = Debug|x64
		{E2474FCF-10CA-4468-8184-53B29B3B8397}.Debug|x64.Build.0 = Debug|x64
		{E2474FCF-10CA-4468-8184-53B29B3B8397}.Debug|x86.ActiveCfg = Debug|Win32
		{E2474FCF-10CA-4468-8184-53B29B3B8397}.Debug|x86.Build.0 = Debug|Win32
		{E2474FCF-10CA-4468-8184-53B29B3B8397}.Release|x64.ActiveCfg = Release|x64
		{E2474FCF-10CA-4468-8184-53B29B3B8397}.Release|x64.Build.0 = Release|x64
		{E2474FCF-10CA-4468-8184-53B29B3B8397}.Release|x86.ActiveCfg = Release|Win32
		{E2474FCF-10CA-4468-8184-53B29B3B8397}.Release|x86.Build.0 = Release|Win32
		{66908669-A77A-48FF-B35A-297336FB0754}.Debug|x64.ActiveCfg = Debug|x64
		{66908669-A77A-48FF-B35A-297336FB0754}.Debug|x64.Build.0 = Debug|x64
		{66908669-A77A-48FF-B35A-297336FB0754}.Debug|x86.ActiveCfg = Debug|Win32
		{66908669-A77A-48FF-B35A-297336FB0754}.Debug|x86.Build.0 = Debug|Win32
		{66908669-A77A-48FF-B35A-297336FB0754}.Release|x64.ActiveCfg = Release|x64
		{66908669-A77A-48FF-B35A-297336FB0754}.Release|x64.Build.0 = Release|x64
		{66908669-A77A-48FF-B35A-297336FB0754}.Release|x86.ActiveCfg = Release|Win32
		{66908669-A77A-48FF-B35A-297336FB0754}.Release|x86.Build.0 = Release|Win32
		{D9F6D249-407F-4F9B-8A78-26CD5DAFA99D}.Debug|x64.ActiveCfg = Debug|x64
		{D9F6D249-407F-4F9B-8A78-26CD5DAFA99D}.Debug|x64.Build.0 = Debug|x64
		{D9F6D249-407F-4F9B-8A78-26CD5DAFA99D}.Debug|x86.ActiveCfg = Debug|Win32
		{D9F6D249-407F-4F9B-8A78-26CD5DAFA99D}.Debug|x86.Build.0 = Debug|Win32
		{D9F6D249-407F-4F9B-8A78-26CD5DAFA99D}.Release|x64.ActiveCfg = Release|x64
		{D9F6D249-407F-4F9B-8A78-26CD5DAFA99D}.Release|x64.Build.0 = Release|x64
		{D9F6D249-407F-4F9B-8A78-26CD5DAFA99D}.Release|x86.ActiveCfg = Release|Win32
		{D9F6D249-407F-4F9B-8A78-26CD5DAFA99D}.Release|x86.Build.0 = Release|Win32
		{9B99DA9A-1717-4B69-92AC-CAEF45D080AC}.Debug|x64.ActiveCfg = Debug|x64
		{9B99DA9A-1717-4B69-92AC-CAEF45D080AC}.Debug|x64.Build.0 = Debug|x64
		{9B99DA9A-1717-4B69-92AC-CAEF45D080AC}.Debug|x86.ActiveCfg = Debug|Win32
		{9B99DA9A-1717-4B69-92AC-CAEF45D080AC}.Debug|x86.Build.0 = Debug|Win32
		{9B99DA9A-1717-4B69-92AC-CAEF45D080AC}.Release|x64.ActiveCfg = Release|x64
		{9B99DA9A-1717-4B69-92AC-CAEF45D080AC}.Release|x64.Build.0 = Release|x64
		{9B99DA9A-1717-4B69-92AC-CAEF45D080AC}.Release|x86.ActiveCfg = Release|Win32
		{9B99DA9A-1717-4B69-92AC-CAEF45D080AC}.Release|x86.Build.0 = Release|Win32
		{BA3631F6-4EEB-46FF-AD93-0B854EDC3B31}.Debug|x64.ActiveCfg = Debug|x64
		{BA3631F6-4EEB-46FF-AD93-0B854EDC3B31}.Debug|x64.Build.0 = Debug|x64
		{BA3631F6-4EEB-46FF-AD93-0B854EDC3B31}.Debug|x86.ActiveCfg = Debug|Win32
		{BA3631F6-4EEB-46FF-AD93-0B854EDC3B31}.Debug|x86.Build.0 = Debug|Win32
		{BA3631F6-4EEB-46FF-AD93-0B854EDC3B31}.Release|x64.ActiveCfg = Release|x64
		{BA3631F6-4EEB-46FF-AD93-0B854EDC3B31}.Release|x64.Build.0 = Release|x64
		{BA3631F6-4EEB-46FF-AD93-0B854EDC3B31}.Release|x86.ActiveCfg = Release|Win32
		{BA3631F6-4EEB-46FF-AD93-0B854EDC3B31}.Release|x86.Build.0 = Release|Win32
		{0FDE9F4D-8009-4F48-8125-A3AD86C3C330}.Debug|x64.ActiveCfg = Debug|x64
		{0FDE9F4D-8009-4F48-8125-A3AD86C3C330}.Debug|x64.Build.0 = Debug|x64
		{0FDE9F4D-8009-4F48-8125-A3AD86C3C330}.Debug|x86.ActiveCfg = Debug|Win32
		{0FDE9F4D-8009-4F48-8125-A3AD86C3C330}.Debug|x86.Build.0 = Debug|Win32
		{0FDE9F4D-8009-4F48-8125-A3AD86C3C330}.Release|x64.ActiveCfg = Release|x64
		{0FDE9F4D-8009-4F48-8125-A3AD86C3C330}.Release|x64.Build.0 = Release|x64
		{0FDE9F4D-8009-4F48-8125-A3AD86C3C330}.Release|x86.ActiveCfg = Release|Win32
		{0FDE9F4D-8009-4F48-8125-A3AD86C3C330}.Release|x86.Build.0 = Release|Win32
		{11AED19F-E960-494E-8633-F13C9C008914}.Debug|x64.ActiveCfg = Debug|x64
		{11AED19F-E960-494E-8633-F13C9C008914}.Debug|x64.Build.0 = Debug|x64
		{11AED19F-E960-494E-8633-F13C9C008914}.Debug|x86.ActiveCfg = Debug|Win32
		{11AED19F-E960-494E-8633-F13C9C008914}.Debug|x86.Build.0 = Debug|Win32
		{11AED19F-E960-494E-8633-F13C9C008914}.Release|x64.ActiveCfg = Release|x64
		{11AED19F-E960-494E-8633-F13C9C008914}.Release|x64.Build.0 = Release|x64
		{11AED19F-E960-494E-8633-F13C9C008914}.Release|x86.ActiveCfg = Release|Win32
		{11AED19F-E960-494E-8633-F13C9C008914}.Release|x86.Build.0 = Release|Win32
		{ABACE7AC-07D7-4A96-947B-7A7C325EB1B6}.Debug|x64.ActiveCfg = Debug|x64
		{ABACE7AC-07D7-4A96-947B-7A7C325EB1B6}.Debug|x64.Build.0 = Debug|x64
		{ABACE7AC-07D7-4A96-947B-7A7C325EB1B6}.Debug|x86.ActiveCfg = Debug|Win32
		{ABACE7AC-07D7-4A96-947B-7A7C325EB1B6}.Debug|x86.Build.0 = Debug|Win32
		{ABACE7AC-07D7-4A96-947B-7A7C325EB1B6}.Release|x64.ActiveCfg = Release|x64
		{ABACE7AC-07D7-4A96-947B-7A7C325EB1B6}.Release|x64.Build.0 = Release|x64
		{ABACE7AC-07D7-4A96-947B-7A7C325EB1B6}.Release|x86.ActiveCfg = Release|Win32
		{ABACE7AC-07D7-4A96-947B-7A7C325EB1B6}.Release|x86.Build.0 = Release|Win32
		{FAFCDF59-D6ED-48B7-B092-16E8450988C9}.Debug|x64.ActiveCfg = Debug|x64
		{FAFCDF59-D6ED-48B7-B092-16E8450988C9}.Debug|x64.Build.0 = Debug|x64
		{FAFCDF59-D6ED-48B7-B092-16E8450988C9}.Debug|x86.ActiveCfg = Debug|Win32
		{FAFCDF59-D6ED-48B7-B092-16E8450988C9}.Debug|x86.Build.0 = Debug|Win32
		{FAFCDF59-D6ED-48B7-B092-16E8450988C9}.Release|x64.ActiveCfg = Release|x64
		{FAFCDF59-D6ED-48B7-B092-16E8450988C9}.Release|x64.Build.0 = Release|x64
		{FAFCDF59-D6ED-48B7-B092-16E8450988C9}.Release|x86.ActiveCfg = Release|Win32
		{FAFCDF59-D6ED-48B7-B092-16E8450988C9}.Release|x86.Build.0 = Release|Win32
		{88B016D3-7023-458C-B727-064572847CEC}.Debug|x64.ActiveCfg = Debug|x64
		{88B016D3-7023-458C-B727-064572847CEC}.Debug|x64.Build.0 = Debug|x64
		{88B016D3-7023-458C-B727-064572847CEC}.Debug|x86.ActiveCfg = Debug|Win32
		{88B016D3-7023-458C-B727-064572847CEC}.Debug|x86.Build.0 = Debug|Win32
		{88B016D3-7023-458C-B727-064572847CEC}.Release|x64.ActiveCfg = Release|x64
		{88B016D3-7023-458C-B727-064572847CEC}.Release|x64.Build.0 = Release|x64
		{88B016D3-7023-458C-B727-064572847CEC}.Release|x86.ActiveCfg = Release|Win32
		{88B016D3-7023-458C-B727-064572847CEC}.Release|x86.Build.0 = Release|Win32
		{A1BBA0AB-1845-44C6-AD57-8BEDE8340E5B}.Debug|x64.ActiveCfg = Debug|x64
		{A1BBA0AB-1845-44C6-AD57-8BEDE8340E5B}.Debug|x64.Build.0 = Debug|x64
		{A1BBA0AB-1845-44C6-AD57-8BEDE8340E5B}.Debug|x86.ActiveCfg = Debug|Win32
		{A1BBA0AB-1845-44C6-AD57-8BEDE8340E5B}.Debug|x86.Build.0 = Debug|Win32
		{A1BBA0AB-1845-44C6-AD57-8BEDE8340E5B}.Release|x64.ActiveCfg = Release|x64
		{A1BBA0AB-1845-44C6-AD57-8BEDE8340E5B}.Release|x64.Build.0 = Release|x64
		{A1BBA0AB-1845-44C6-AD57-8BEDE8340E5B}.Release|x86.ActiveCfg = Release|Win32
		{A1BBA0AB-1845-44C6-AD57-8BEDE8340E5B}.Release|x86.Build.0 = Release|Win32
		{BA2D480B-6764-4B4F-B805-41D22AEBA09F}.Debug|x64.ActiveCfg = Debug|x64
		{BA2D480B-6764-4B4F-B805-41D22AEBA09F}.Debug|x64.Build.0 = Debug|x64
		{BA2D480B-6764-4B4F-B805-41D22AEBA09F}.Debug|x86.ActiveCfg = Debug|Win32
		{BA2D480B-6764-4B4F-B805-41D22AEBA09F}.Debug|x86.Build.0 = Debug|Win32
		{BA2D480B-6764-4B4F-B805-41D22AEBA09F}.Release|x64.ActiveCfg = Release|x64
		{BA2D480B-6764-4B4F-B805-41D22AEBA09F}.Release|x64.Build.0 = Release|x64
		{BA2D480B-6764-4B4F-B805-41D22AEBA09F}.Release|x86.ActiveCfg = Release|Win32
		{BA2D480B-6764-4B4F-B805-41D22AEBA09F}.Release|x86.Build.0 = Release|Win32
		{CFE9A23A-80F7-4DDE-A5D4-2CA15307E88C}.Debug|x64.ActiveCfg = Debug|x64
		{CFE9A23A-80F7-4DDE-A5D4-2CA15307E88C}.Debug|x64.Build.0 = Debug|x64
		{CFE9A23A-80F7-4DDE-A5D4-2CA15307E88C}.Debug|x86.ActiveCfg = Debug|Win32
		{CFE9A23A-80F7-4DDE-A5D4-2CA15307E88C}.Debug|x86.Build.0 = Debug|Win32
		{CFE9A23A-80F7-4DDE-A5D4-2CA15307E88C}.Release|x64.ActiveCfg = Release|x64
		{CFE9A23A-80F7-4DDE-A5D4-2CA15307E88C}.Release|x64.Build.0 = Release|x64
		{CFE9A23A-80F7-4DDE-A5D4-2CA15307E88C}.Release|x86.ActiveCfg = Release|Win32
		{CFE9A23A-80F7-4DDE-A5D4-2CA15307E88C}.Release|x86.Build.0 = Release|Win32
		{00524245-CD07-4BB6-A372-5F4F992D6840}.Debug|x64.ActiveCfg = Debug|x64
		{00524245-CD07-4BB6-A372-5F4F992D6840}.Debug|x64.Build.0 = Debug|x64
		{00524245-CD07-4BB6-A372-5F4F992D6840}.Debug|x86.ActiveCfg = Debug|Win32
		{00524245-CD07-4BB6-A372-5F4F992D6840}.Debug|x86.Build.0 = Debug|Win32
		{00524245-CD07-4BB6-A372-5F4F992D6840}.Release|x64.ActiveCfg = Release|x64
		{00524245-CD07-4BB6-A372-5F4F992D6840}.Release|x64.Build.0 = Release|x64
		{00524245-CD07-4BB6-A372-5F4F992D6840}.Release|x86.ActiveCfg = Release|Win32
		{00524245-CD07-4BB6-A372-5F4F992D6840}.Release|x86.Build.0 = Release|Win32
		{A84A9891-650A-4FAA-BF34-58EE25C3B5C7}.Debug|x64.ActiveCfg = Debug|x64
		{A84A9891-650A-4FAA-BF34-58EE25C3B5C7}.Debug|x64.Build.0 = Debug|x64
		{A84A9891-650A-4FAA-BF34-58EE25C3B5C7}.Debug|x86.ActiveCfg = Debug|Win32
		{A84A9891-650A-4FAA-BF34-58EE25C3B5C7}.Debug|x86.Build.0 = Debug|Win32
		{A84A9891-650A-4FAA-BF34-58EE25C3B5C7}.Release|x64.ActiveCfg = Release|x64
		{A84A9891-650A-4FAA-BF34-58EE25C3B5C7}.Release|x64.Build.0 = Release|x64
		{A84A9891-650A-4FAA-BF34-58EE25C3B5C7}.Release|x86.ActiveCfg = Release|Win32
		{A84A9891-650A-4FAA-BF34-58EE25C3B5C7}.Release|x86.Build.0 = Release|Win32
		{ADDC441A-66E1-4969-9A21-172A014A9559}.Debug|x64.ActiveCfg = Debug|x64
		{ADDC441A-66E1-4969-9A21-172A014A9559}.Debug|x64.Build.0 = Debug|x64
		{ADDC441A-66E1-4969-9A21-172A014A9559}.Debug|x86.ActiveCfg = Debug|Win32
		{ADDC441A-66E1-4969-9A21-172A014A9559}.Debug|x86.Build.0 = Debug|Win32
		{ADDC441A-66E1-4969-9A21-172A014A9559}.Release|x64.ActiveCfg = Release|x64
		{ADDC441A-66E1-4969-9A21-172A014A9559}.Release|x64.Build.0 = Release|x64
		{ADDC441A-66E1-4969-9A21-172A014A9559}.Release|x86.ActiveCfg = Release|Win32
		{ADDC441A-66E1-4969-9A21-172A014A9559}.Release|x86.Build.0 = Release|Win32
		{2F40FD18-AE6A-43AB-8458-11BAF3091DB4}.Debug|x64.ActiveCfg = Debug|x64
		{2F40FD18-AE6A-43AB-8458-11BAF3091DB4}.Debug|x64.Build.0 = Debug|x64
		{2F40FD18-AE6A-43AB-8458-11BAF3091DB4}.Debug|x86.ActiveCfg = Debug|Win32
		{2F40FD18-AE6A-43AB-8458-11BAF3091DB4}.Debug|x86.Build.0 = Debug|Win32
		{2F40FD18-AE6A-43AB-8458-11BAF3091DB4}.Release|x64.ActiveCfg = Release|x64
		{2F40FD18-AE6A-43AB-8458-11BAF3091DB4}.Release|x64.Build.0 = Release|x64
		{2F40FD18-AE6A-43AB-8458-11BAF3091DB4}.Release|x86.ActiveCfg = Release|Win32
		{2F40FD18-AE6A-43AB-8458-11BAF3091DB4}.Release|x86.Build.0 = Release|Win32
		{2286DDD0-D6C6-4164-82DB-3F3D640C026B}.Debug|x64.ActiveCfg = Debug|x64
		{2286DDD0-D6C6-4164-82DB-3F3D640C026B}.Debug|x64.Build.0 = Debug|x64
		{2286DDD0-D6C6-4164-82DB-3F3D640C026B}.Debug|x86.ActiveCfg = Debug|Win32
		{2286DDD0-D6C6-4164-82DB-3F3D640C026B}.Debug|x86.Build.0 = Debug|Win32
		{2286DDD0-D6C6-4164-82DB-3F3D640C026B}.Release|x64.ActiveCfg = Release|x64
		{2286DDD0-D6C6-4164-82DB-3F3D640C026B}.Release|x64.Build.0 = Release|x64
		{2286DDD0-D6C6-4164-82DB-3F3D640C026B}.Release|x86.ActiveCfg = Release|Win32
		{2286DDD0-D6C6-4164-82DB-3F3D640C026B}.Release|x86.Build.0 = Release|Win32
		{B7D61F2B-15C6-412E-87EE-BA90A05FC447}.Debug|x64.ActiveCfg = Debug|x64
		{B7D61F2B-15C6-412E-87EE-BA90A05FC447}.Debug|x64.Build.0 = Debug|x64
		{B7D61F2B-15C6-412E-87EE-BA90A05FC447}.Debug|x86.ActiveCfg = Debug|Win32
		{B7D61F2B-15C6-412E-87EE-BA90A05FC447}.Debug|x86.Build.0 = Debug|Win32
		{B7D61F2B-15C6-412E-87EE-BA90A05FC447}.Release|x64.ActiveCfg = Release|x64
		{B7D61F2B-15C6-412E-87EE-BA90A05FC447}.Release|x64.Build.0 = Release|x64
		{B7D61F2B-15C6-412E-87EE-BA90A05FC447}.Release|x86.ActiveCfg = Release|Win32
		{B7D61F2B-15C6-412E-87EE-BA90A05FC447}.Release|x86.Build.0 = Release|Win32
	EndGlobalSection
	GlobalSection(SolutionProperties) = preSolution
		HideSolutionNode = FALSE
	EndGlobalSection
	GlobalSection(ExtensibilityGlobals) = postSolution
		SolutionGuid = {7EE702E1-D00C-4D50-AFEC-514ADFF038CF}
	EndGlobalSection
EndGlobal
