
Microsoft Visual Studio Solution File, Format Version 12.00
# Visual Studio 15
VisualStudioVersion = 15.0.28307.902
MinimumVisualStudioVersion = 10.0.40219.1
Project("{8BC9CEB8-8B4A-11D0-8D11-00A0C91BC942}") = "6.8_Craps", "December\December.vcxproj", "{672C4D22-E620-47B3-A3E6-38C007C1C77C}"
EndProject
Project("{8BC9CEB8-8B4A-11D0-8D11-00A0C91BC942}") = "ex_6.12", "ex_6.12\ex_6.12.vcxproj", "{59D0EC72-2520-4D56-8E88-0227BA75D9BA}"
EndProject
Project("{8BC9CEB8-8B4A-11D0-8D11-00A0C91BC942}") = "ex_6.13", "ex_6.13\ex_6.13.vcxproj", "{3C1F45F9-AC73-45C4-9989-1706CA6A6A10}"
EndProject
Global
	GlobalSection(SolutionConfigurationPlatforms) = preSolution
		Debug|x64 = Debug|x64
		Debug|x86 = Debug|x86
		Release|x64 = Release|x64
		Release|x86 = Release|x86
	EndGlobalSection
	GlobalSection(ProjectConfigurationPlatforms) = postSolution
		{672C4D22-E620-47B3-A3E6-38C007C1C77C}.Debug|x64.ActiveCfg = Debug|x64
		{672C4D22-E620-47B3-A3E6-38C007C1C77C}.Debug|x64.Build.0 = Debug|x64
		{672C4D22-E620-47B3-A3E6-38C007C1C77C}.Debug|x86.ActiveCfg = Debug|Win32
		{672C4D22-E620-47B3-A3E6-38C007C1C77C}.Debug|x86.Build.0 = Debug|Win32
		{672C4D22-E620-47B3-A3E6-38C007C1C77C}.Release|x64.ActiveCfg = Release|x64
		{672C4D22-E620-47B3-A3E6-38C007C1C77C}.Release|x64.Build.0 = Release|x64
		{672C4D22-E620-47B3-A3E6-38C007C1C77C}.Release|x86.ActiveCfg = Release|Win32
		{672C4D22-E620-47B3-A3E6-38C007C1C77C}.Release|x86.Build.0 = Release|Win32
		{59D0EC72-2520-4D56-8E88-0227BA75D9BA}.Debug|x64.ActiveCfg = Debug|x64
		{59D0EC72-2520-4D56-8E88-0227BA75D9BA}.Debug|x64.Build.0 = Debug|x64
		{59D0EC72-2520-4D56-8E88-0227BA75D9BA}.Debug|x86.ActiveCfg = Debug|Win32
		{59D0EC72-2520-4D56-8E88-0227BA75D9BA}.Debug|x86.Build.0 = Debug|Win32
		{59D0EC72-2520-4D56-8E88-0227BA75D9BA}.Release|x64.ActiveCfg = Release|x64
		{59D0EC72-2520-4D56-8E88-0227BA75D9BA}.Release|x64.Build.0 = Release|x64
		{59D0EC72-2520-4D56-8E88-0227BA75D9BA}.Release|x86.ActiveCfg = Release|Win32
		{59D0EC72-2520-4D56-8E88-0227BA75D9BA}.Release|x86.Build.0 = Release|Win32
		{3C1F45F9-AC73-45C4-9989-1706CA6A6A10}.Debug|x64.ActiveCfg = Debug|x64
		{3C1F45F9-AC73-45C4-9989-1706CA6A6A10}.Debug|x64.Build.0 = Debug|x64
		{3C1F45F9-AC73-45C4-9989-1706CA6A6A10}.Debug|x86.ActiveCfg = Debug|Win32
		{3C1F45F9-AC73-45C4-9989-1706CA6A6A10}.Debug|x86.Build.0 = Debug|Win32
		{3C1F45F9-AC73-45C4-9989-1706CA6A6A10}.Release|x64.ActiveCfg = Release|x64
		{3C1F45F9-AC73-45C4-9989-1706CA6A6A10}.Release|x64.Build.0 = Release|x64
		{3C1F45F9-AC73-45C4-9989-1706CA6A6A10}.Release|x86.ActiveCfg = Release|Win32
		{3C1F45F9-AC73-45C4-9989-1706CA6A6A10}.Release|x86.Build.0 = Release|Win32
	EndGlobalSection
	GlobalSection(SolutionProperties) = preSolution
		HideSolutionNode = FALSE
	EndGlobalSection
	GlobalSection(ExtensibilityGlobals) = postSolution
		SolutionGuid = {7EE702E1-D00C-4D50-AFEC-514ADFF038CF}
	EndGlobalSection
EndGlobal
